
Microsoft Visual Studio Solution File, Format Version 12.00
# Visual Studio Version 17
VisualStudioVersion = 17.7.34202.233
MinimumVisualStudioVersion = 10.0.40219.1
Project("{FAE04EC0-301F-11D3-BF4B-00C04F79EFBC}") = "WpfApp1", "WpfApp1\WpfApp1.csproj", "{47AE311E-943B-48C0-997F-738CDC3A6632}"
EndProject
Global
	GlobalSection(SolutionConfigurationPlatforms) = preSolution
		Debug|Any CPU = Debug|Any CPU
		Release|Any CPU = Release|Any CPU
	EndGlobalSection
	GlobalSection(ProjectConfigurationPlatforms) = postSolution
		{47AE311E-943B-48C0-997F-738CDC3A6632}.Debug|Any CPU.ActiveCfg = Debug|Any CPU
		{47AE311E-943B-48C0-997F-738CDC3A6632}.Debug|Any CPU.Build.0 = Debug|Any CPU
		{47AE311E-943B-48C0-997F-738CDC3A6632}.Release|Any CPU.ActiveCfg = Release|Any CPU
		{47AE311E-943B-48C0-997F-738CDC3A6632}.Release|Any CPU.Build.0 = Release|Any CPU
	EndGlobalSection
	GlobalSection(SolutionProperties) = preSolution
		HideSolutionNode = FALSE
	EndGlobalSection
	GlobalSection(ExtensibilityGlobals) = postSolution
		SolutionGuid = {E537FBCC-0ED8-452E-AF73-02BDB6B28B04}
	EndGlobalSection
EndGlobal
